<?xml version="1.0" encoding="utf-8"?>
<Project ToolsVersion="4.0" xmlns="http://schemas.microsoft.com/developer/msbuild/2003">
  <ItemGroup>
    <ClCompile Include="Game.cpp">
      <Filter>Source Files</Filter>
    </ClCompile>
    <ClCompile Include="main.cpp">
      <Filter>Source Files</Filter>
    </ClCompile>
    <ClCompile Include="People.cpp">
      <Filter>Source Files</Filter>
    </ClCompile>
    <ClCompile Include="Settings.cpp">
      <Filter>Source Files</Filter>
    </ClCompile>
    <ClCompile Include="Dolphin.cpp">
      <Filter>Source Files</Filter>
    </ClCompile>
    <ClCompile Include="Level.cpp">
      <Filter>Source Files</Filter>
    </ClCompile>
    <ClCompile Include="Boss.cpp">
      <Filter>Source Files</Filter>
    </ClCompile>
    <ClCompile Include="Objects.cpp">
      <Filter>Source Files</Filter>
    </ClCompile>
    <ClCompile Include="Pig.cpp">
      <Filter>Source Files</Filter>
    </ClCompile>
    <ClCompile Include="Whale.cpp">
      <Filter>Source Files</Filter>
    </ClCompile>
    <ClCompile Include="Duck.cpp">
      <Filter>Source Files</Filter>
    </ClCompile>
    <ClCompile Include="Bee.cpp">
      <Filter>Source Files</Filter>
    </ClCompile>
    <ClCompile Include="option.cpp" />
    <ClCompile Include="menu.cpp" />
  </ItemGroup>
  <ItemGroup>
    <ClInclude Include="Game.h">
      <Filter>Header Files</Filter>
    </ClInclude>
    <ClInclude Include="People.h">
      <Filter>Header Files</Filter>
    </ClInclude>
    <ClInclude Include="Settings.h">
      <Filter>Header Files</Filter>
    </ClInclude>
    <ClInclude Include="Dolphin.h">
      <Filter>Header Files</Filter>
    </ClInclude>
    <ClInclude Include="Level.h">
      <Filter>Header Files</Filter>
    </ClInclude>
    <ClInclude Include="Boss.h">
      <Filter>Header Files</Filter>
    </ClInclude>
    <ClInclude Include="Objects.h">
      <Filter>Header Files</Filter>
    </ClInclude>
    <ClInclude Include="Pig.h">
      <Filter>Header Files</Filter>
    </ClInclude>
    <ClInclude Include="Whale.h">
      <Filter>Header Files</Filter>
    </ClInclude>
    <ClInclude Include="Duck.h">
      <Filter>Header Files</Filter>
    </ClInclude>
    <ClInclude Include="Bee.h">
      <Filter>Header Files</Filter>
    </ClInclude>
    <ClInclude Include="option.h" />
    <ClInclude Include="menu.h" />
  </ItemGroup>
  <ItemGroup>
    <Filter Include="Header Files">
      <UniqueIdentifier>{31803736-5830-4198-b5ce-0522bacdbcc0}</UniqueIdentifier>
    </Filter>
    <Filter Include="Source Files">
      <UniqueIdentifier>{a39102e3-411a-4b47-8b7f-fe5fb5373da6}</UniqueIdentifier>
    </Filter>
    <Filter Include="Resource Files">
      <UniqueIdentifier>{2a6c363c-8b62-49fa-a890-2687d4c00cbc}</UniqueIdentifier>
    </Filter>
  </ItemGroup>
  <ItemGroup>
    <Text Include="MAP\BOSS.txt">
      <Filter>Resource Files</Filter>
    </Text>
    <Text Include="MAP\crossy.txt">
      <Filter>Resource Files</Filter>
    </Text>
    <Text Include="MAP\crossyZoo.txt">
      <Filter>Resource Files</Filter>
    </Text>
    <Text Include="MAP\human.txt">
      <Filter>Resource Files</Filter>
    </Text>
    <Text Include="MAP\LBEE.txt">
      <Filter>Resource Files</Filter>
    </Text>
    <Text Include="MAP\LDOLPHIN.txt">
      <Filter>Resource Files</Filter>
    </Text>
    <Text Include="MAP\LDUCK.txt">
      <Filter>Resource Files</Filter>
    </Text>
    <Text Include="MAP\LPIG.txt">
      <Filter>Resource Files</Filter>
    </Text>
    <Text Include="MAP\LWHALE.txt">
      <Filter>Resource Files</Filter>
    </Text>
    <Text Include="MAP\RBEE.txt">
      <Filter>Resource Files</Filter>
    </Text>
    <Text Include="MAP\RDOLPHIN.txt">
      <Filter>Resource Files</Filter>
    </Text>
    <Text Include="MAP\RDUCK.txt">
      <Filter>Resource Files</Filter>
    </Text>
    <Text Include="MAP\RPIG.txt">
      <Filter>Resource Files</Filter>
    </Text>
    <Text Include="MAP\RWHALE.txt">
      <Filter>Resource Files</Filter>
    </Text>
    <Text Include="MAP\zoo.txt">
      <Filter>Resource Files</Filter>
    </Text>
    <Text Include="MAP\gameOver.txt">
      <Filter>Resource Files</Filter>
    </Text>
    <Text Include="MAP\victory.txt">
      <Filter>Resource Files</Filter>
    </Text>
  </ItemGroup>
</Project>